
Microsoft Visual Studio Solution File, Format Version 12.00
# Visual Studio Version 17
VisualStudioVersion = 17.7.34031.279
MinimumVisualStudioVersion = 10.0.40219.1
Project("{FAE04EC0-301F-11D3-BF4B-00C04F79EFBC}") = "NewDirectory", "NewDirectory\NewDirectory.csproj", "{AACD8976-FD99-4950-990E-3C11A0524DBF}"
EndProject
Global
	GlobalSection(SolutionConfigurationPlatforms) = preSolution
		Debug|Any CPU = Debug|Any CPU
		Release|Any CPU = Release|Any CPU
	EndGlobalSection
	GlobalSection(ProjectConfigurationPlatforms) = postSolution
		{AACD8976-FD99-4950-990E-3C11A0524DBF}.Debug|Any CPU.ActiveCfg = Debug|Any CPU
		{AACD8976-FD99-4950-990E-3C11A0524DBF}.Debug|Any CPU.Build.0 = Debug|Any CPU
		{AACD8976-FD99-4950-990E-3C11A0524DBF}.Release|Any CPU.ActiveCfg = Release|Any CPU
		{AACD8976-FD99-4950-990E-3C11A0524DBF}.Release|Any CPU.Build.0 = Release|Any CPU
	EndGlobalSection
	GlobalSection(SolutionProperties) = preSolution
		HideSolutionNode = FALSE
	EndGlobalSection
	GlobalSection(ExtensibilityGlobals) = postSolution
		SolutionGuid = {06728E96-8018-46E2-9ADD-AB55AF206F0A}
	EndGlobalSection
EndGlobal
